<?xml version="1.0" encoding="utf-8"?>
<Project xmlns="http://schemas.microsoft.com/developer/msbuild/2003">
  <ItemGroup>
    <Filter Include="Form Files">
      <UniqueIdentifier>{99349809-55BA-4b9d-BF79-8FDBB0286EB3}</UniqueIdentifier>
      <Extensions>ui</Extensions>
      <ParseFiles>false</ParseFiles>
    </Filter>
    <Filter Include="Form Files">
      <UniqueIdentifier>{99349809-55BA-4b9d-BF79-8FDBB0286EB3}</UniqueIdentifier>
      <Extensions>ui</Extensions>
      <ParseFiles>false</ParseFiles>
    </Filter>
    <Filter Include="Generated Files">
      <UniqueIdentifier>{71ED8ED8-ACB9-4CE9-BBE1-E00B30144E11}</UniqueIdentifier>
      <Extensions>cpp;c;cxx;moc;h;def;odl;idl;res;</Extensions>
    </Filter>
    <Filter Include="Generated Files">
      <UniqueIdentifier>{71ED8ED8-ACB9-4CE9-BBE1-E00B30144E11}</UniqueIdentifier>
      <Extensions>cpp;c;cxx;moc;h;def;odl;idl;res;</Extensions>
    </Filter>
    <Filter Include="Header Files">
      <UniqueIdentifier>{93995380-89BD-4b04-88EB-625FBE52EBFB}</UniqueIdentifier>
      <Extensions>h;hpp;hxx;hm;inl;inc;xsd</Extensions>
    </Filter>
    <Filter Include="Header Files">
      <UniqueIdentifier>{93995380-89BD-4b04-88EB-625FBE52EBFB}</UniqueIdentifier>
      <Extensions>h;hpp;hxx;hm;inl;inc;xsd</Extensions>
    </Filter>
    <Filter Include="Source Files">
      <UniqueIdentifier>{4FC737F1-C7A5-4376-A066-2A32D752A2FF}</UniqueIdentifier>
      <Extensions>cpp;c;cxx;def;odl;idl;hpj;bat;asm;asmx</Extensions>
    </Filter>
    <Filter Include="Source Files">
      <UniqueIdentifier>{4FC737F1-C7A5-4376-A066-2A32D752A2FF}</UniqueIdentifier>
      <Extensions>cpp;c;cxx;def;odl;idl;hpj;bat;asm;asmx</Extensions>
    </Filter>
    <Filter Include="Distribution Files">
      <UniqueIdentifier>{B83CAF91-C7BF-462F-B76C-EA11631F866C}</UniqueIdentifier>
      <Extensions>*</Extensions>
      <ParseFiles>false</ParseFiles>
    </Filter>
    <Filter Include="Distribution Files">
      <UniqueIdentifier>{B83CAF91-C7BF-462F-B76C-EA11631F866C}</UniqueIdentifier>
      <Extensions>*</Extensions>
      <ParseFiles>false</ParseFiles>
    </Filter>
  </ItemGroup>
  <ItemGroup>
    <ClCompile Include="Core\Audio.cpp">
      <Filter>Source Files</Filter>
    </ClCompile>
    <ClCompile Include="Components\AudioComponent.cpp">
      <Filter>Source Files</Filter>
    </ClCompile>
    <ClCompile Include="Math\Barycentric.cpp">
      <Filter>Source Files</Filter>
    </ClCompile>
    <ClCompile Include="Components\BaseComponent.cpp">
      <Filter>Source Files</Filter>
    </ClCompile>
    <ClCompile Include="Math\BezierCurve.cpp">
      <Filter>Source Files</Filter>
    </ClCompile>
    <ClCompile Include="Mesh\Billboard.cpp">
      <Filter>Source Files</Filter>
    </ClCompile>
    <ClCompile Include="Core\Camera.cpp">
      <Filter>Source Files</Filter>
    </ClCompile>
    <ClCompile Include="Core\CollisionShapes.cpp">
      <Filter>Source Files</Filter>
    </ClCompile>
    <ClCompile Include="Mesh\Disc.cpp">
      <Filter>Source Files</Filter>
    </ClCompile>
    <ClCompile Include="Mesh\Equidistance.cpp">
      <Filter>Source Files</Filter>
    </ClCompile>
    <ClCompile Include="Mesh\Heightmap.cpp">
      <Filter>Source Files</Filter>
    </ClCompile>
    <ClCompile Include="Mesh\Player\InteractiveObject.cpp">
      <Filter>Source Files</Filter>
    </ClCompile>
    <ClCompile Include="Mesh\Kube.cpp">
      <Filter>Source Files</Filter>
    </ClCompile>
    <ClCompile Include="Mesh\LAZSurface.cpp">
      <Filter>Source Files</Filter>
    </ClCompile>
    <ClCompile Include="Light\Light.cpp">
      <Filter>Source Files</Filter>
    </ClCompile>
    <ClCompile Include="Mesh\ObjLoader.cpp">
      <Filter>Source Files</Filter>
    </ClCompile>
    <ClCompile Include="Mesh\OctahedronBall.cpp">
      <Filter>Source Files</Filter>
    </ClCompile>
    <ClCompile Include="Particles\ParticleSystem.cpp">
      <Filter>Source Files</Filter>
    </ClCompile>
    <ClCompile Include="Mesh\Player\Player.cpp">
      <Filter>Source Files</Filter>
    </ClCompile>
    <ClCompile Include="Mesh\PointCloud.cpp">
      <Filter>Source Files</Filter>
    </ClCompile>
    <ClCompile Include="Math\Random.cpp">
      <Filter>Source Files</Filter>
    </ClCompile>
    <ClCompile Include="Scenes\Scene.cpp">
      <Filter>Source Files</Filter>
    </ClCompile>
    <ClCompile Include="Scenes\Scene0.cpp">
      <Filter>Source Files</Filter>
    </ClCompile>
    <ClCompile Include="Scenes\Scene1.cpp">
      <Filter>Source Files</Filter>
    </ClCompile>
    <ClCompile Include="Scenes\SceneSwitcher.cpp">
      <Filter>Source Files</Filter>
    </ClCompile>
    <ClCompile Include="Mesh\SkyBox.cpp">
      <Filter>Source Files</Filter>
    </ClCompile>
    <ClCompile Include="Math\SortCoords.cpp">
      <Filter>Source Files</Filter>
    </ClCompile>
    <ClCompile Include="Mesh\Triangle.cpp">
      <Filter>Source Files</Filter>
    </ClCompile>
    <ClCompile Include="Mesh\TriangleSurface.cpp">
      <Filter>Source Files</Filter>
    </ClCompile>
    <ClCompile Include="Core\Vertex.cpp">
      <Filter>Source Files</Filter>
    </ClCompile>
    <ClCompile Include="Core\VisualObject.cpp">
      <Filter>Source Files</Filter>
    </ClCompile>
    <ClCompile Include="Core\XYZ.cpp">
      <Filter>Source Files</Filter>
    </ClCompile>
    <ClCompile Include="Core\dr_wav.cpp">
      <Filter>Source Files</Filter>
    </ClCompile>
    <ClCompile Include="Core\inputmanager.cpp">
      <Filter>Source Files</Filter>
    </ClCompile>
    <ClCompile Include="Mesh\line.cpp">
      <Filter>Source Files</Filter>
    </ClCompile>
    <ClCompile Include="logger.cpp">
      <Filter>Source Files</Filter>
    </ClCompile>
    <ClCompile Include="Lua_files\luafunctiontest.cpp">
      <Filter>Source Files</Filter>
    </ClCompile>
    <ClCompile Include="main.cpp">
      <Filter>Source Files</Filter>
    </ClCompile>
    <ClCompile Include="mainwindow.cpp">
      <Filter>Source Files</Filter>
    </ClCompile>
    <ClCompile Include="Core\material.cpp">
      <Filter>Source Files</Filter>
    </ClCompile>
    <ClCompile Include="Materials\materialbillboard.cpp">
      <Filter>Source Files</Filter>
    </ClCompile>
    <ClCompile Include="Materials\materialcubemap.cpp">
      <Filter>Source Files</Filter>
    </ClCompile>
    <ClCompile Include="Core\materiallist.cpp">
      <Filter>Source Files</Filter>
    </ClCompile>
    <ClCompile Include="Materials\materialparticle.cpp">
      <Filter>Source Files</Filter>
    </ClCompile>
    <ClCompile Include="Materials\materialphong.cpp">
      <Filter>Source Files</Filter>
    </ClCompile>
    <ClCompile Include="Materials\materialplain.cpp">
      <Filter>Source Files</Filter>
    </ClCompile>
    <ClCompile Include="Materials\materialtexture.cpp">
      <Filter>Source Files</Filter>
    </ClCompile>
    <ClCompile Include="Terrain\proceduralterrain.cpp">
      <Filter>Source Files</Filter>
    </ClCompile>
    <ClCompile Include="Core\quadtree.cpp">
      <Filter>Source Files</Filter>
    </ClCompile>
    <ClCompile Include="renderwindow.cpp">
      <Filter>Source Files</Filter>
    </ClCompile>
    <ClCompile Include="Core\shader.cpp">
      <Filter>Source Files</Filter>
    </ClCompile>
    <ClCompile Include="Terrain\terrainbasechunk.cpp">
      <Filter>Source Files</Filter>
    </ClCompile>
    <ClCompile Include="Terrain\terrainwater.cpp">
      <Filter>Source Files</Filter>
    </ClCompile>
    <ClCompile Include="Core\texture.cpp">
      <Filter>Source Files</Filter>
    </ClCompile>
    <ClCompile Include="Components\MeshComponent.cpp">
      <Filter>Generated Files</Filter>
    </ClCompile>
    <ClCompile Include="Components\ParticleComponent.cpp">
      <Filter>Generated Files</Filter>
    </ClCompile>
  </ItemGroup>
  <ItemGroup>
    <ClInclude Include="Core\Audio.h">
      <Filter>Header Files</Filter>
    </ClInclude>
    <ClInclude Include="Components\AudioComponent.h">
      <Filter>Header Files</Filter>
    </ClInclude>
    <ClInclude Include="Math\Barycentric.h">
      <Filter>Header Files</Filter>
    </ClInclude>
    <ClInclude Include="Components\BaseComponent.h">
      <Filter>Header Files</Filter>
    </ClInclude>
    <ClInclude Include="Math\BezierCurve.h">
      <Filter>Header Files</Filter>
    </ClInclude>
    <ClInclude Include="Mesh\Billboard.h">
      <Filter>Header Files</Filter>
    </ClInclude>
    <ClInclude Include="Core\Camera.h">
      <Filter>Header Files</Filter>
    </ClInclude>
    <ClInclude Include="Core\CollisionShapes.h">
      <Filter>Header Files</Filter>
    </ClInclude>
    <ClInclude Include="Mesh\Disc.h">
      <Filter>Header Files</Filter>
    </ClInclude>
    <ClInclude Include="Mesh\Equidistance.h">
      <Filter>Header Files</Filter>
    </ClInclude>
    <ClInclude Include="library_includes\Noise\FastNoiseLite.h">
      <Filter>Header Files</Filter>
    </ClInclude>
    <ClInclude Include="Mesh\Heightmap.h">
      <Filter>Header Files</Filter>
    </ClInclude>
    <ClInclude Include="Mesh\Player\InteractiveObject.h">
      <Filter>Header Files</Filter>
    </ClInclude>
    <ClInclude Include="Mesh\Kube.h">
      <Filter>Header Files</Filter>
    </ClInclude>
    <ClInclude Include="Mesh\LAZSurface.h">
      <Filter>Header Files</Filter>
    </ClInclude>
    <ClInclude Include="Light\Light.h">
      <Filter>Header Files</Filter>
    </ClInclude>
    <ClInclude Include="Mesh\ObjLoader.h">
      <Filter>Header Files</Filter>
    </ClInclude>
    <ClInclude Include="Mesh\OctahedronBall.h">
      <Filter>Header Files</Filter>
    </ClInclude>
    <ClInclude Include="Particles\ParticleSystem.h">
      <Filter>Header Files</Filter>
    </ClInclude>
    <ClInclude Include="Mesh\Player\Player.h">
      <Filter>Header Files</Filter>
    </ClInclude>
    <ClInclude Include="Mesh\PointCloud.h">
      <Filter>Header Files</Filter>
    </ClInclude>
    <ClInclude Include="Math\Random.h">
      <Filter>Header Files</Filter>
    </ClInclude>
    <ClInclude Include="Scenes\Scene.h">
      <Filter>Header Files</Filter>
    </ClInclude>
    <ClInclude Include="Scenes\Scene0.h">
      <Filter>Header Files</Filter>
    </ClInclude>
    <ClInclude Include="Scenes\Scene1.h">
      <Filter>Header Files</Filter>
    </ClInclude>
    <ClInclude Include="Scenes\SceneSwitcher.h">
      <Filter>Header Files</Filter>
    </ClInclude>
    <ClInclude Include="Mesh\SkyBox.h">
      <Filter>Header Files</Filter>
    </ClInclude>
    <ClInclude Include="Math\SortCoords.h">
      <Filter>Header Files</Filter>
    </ClInclude>
    <ClInclude Include="Mesh\Triangle.h">
      <Filter>Header Files</Filter>
    </ClInclude>
    <ClInclude Include="Mesh\TriangleSurface.h">
      <Filter>Header Files</Filter>
    </ClInclude>
    <ClInclude Include="Core\Vertex.h">
      <Filter>Header Files</Filter>
    </ClInclude>
    <ClInclude Include="Core\VisualObject.h">
      <Filter>Header Files</Filter>
    </ClInclude>
    <ClInclude Include="Core\XYZ.h">
      <Filter>Header Files</Filter>
    </ClInclude>
    <ClInclude Include="library_includes\dr_lib\dr_wav.h">
      <Filter>Header Files</Filter>
    </ClInclude>
    <ClInclude Include="Lua_files\funksjoner.h">
      <Filter>Header Files</Filter>
    </ClInclude>
    <ClInclude Include="glm\glm.hpp">
      <Filter>Header Files</Filter>
    </ClInclude>
    <ClInclude Include="Core\inputmanager.h">
      <Filter>Header Files</Filter>
    </ClInclude>
    <ClInclude Include="library_includes\Lua\lauxlib.h">
      <Filter>Header Files</Filter>
    </ClInclude>
    <ClInclude Include="Mesh\line.h">
      <Filter>Header Files</Filter>
    </ClInclude>
    <ClInclude Include="logger.h">
      <Filter>Header Files</Filter>
    </ClInclude>
    <ClInclude Include="library_includes\Lua\lua.h">
      <Filter>Header Files</Filter>
    </ClInclude>
    <ClInclude Include="library_includes\Lua\lua.hpp">
      <Filter>Header Files</Filter>
    </ClInclude>
    <ClInclude Include="library_includes\Lua\luaconf.h">
      <Filter>Header Files</Filter>
    </ClInclude>
    <ClInclude Include="Lua_files\luafunctiontest.h">
      <Filter>Header Files</Filter>
    </ClInclude>
    <ClInclude Include="library_includes\Lua\lualib.h">
      <Filter>Header Files</Filter>
    </ClInclude>
    <QtMoc Include="mainwindow.h">
      <Filter>Header Files</Filter>
    </QtMoc>
    <ClInclude Include="Core\material.h">
      <Filter>Header Files</Filter>
    </ClInclude>
    <ClInclude Include="Materials\materialbillboard.h">
      <Filter>Header Files</Filter>
    </ClInclude>
    <ClInclude Include="Materials\materialcubemap.h">
      <Filter>Header Files</Filter>
    </ClInclude>
    <ClInclude Include="Core\materiallist.h">
      <Filter>Header Files</Filter>
    </ClInclude>
    <ClInclude Include="Materials\materialparticle.h">
      <Filter>Header Files</Filter>
    </ClInclude>
    <ClInclude Include="Materials\materialphong.h">
      <Filter>Header Files</Filter>
    </ClInclude>
    <ClInclude Include="Materials\materialplain.h">
      <Filter>Header Files</Filter>
    </ClInclude>
    <ClInclude Include="Materials\materialtexture.h">
      <Filter>Header Files</Filter>
    </ClInclude>
    <ClInclude Include="Terrain\proceduralterrain.h">
      <Filter>Header Files</Filter>
    </ClInclude>
    <ClInclude Include="Core\quadtree.h">
      <Filter>Header Files</Filter>
    </ClInclude>
    <QtMoc Include="renderwindow.h">
      <Filter>Header Files</Filter>
    </QtMoc>
    <ClInclude Include="Core\shader.h">
      <Filter>Header Files</Filter>
    </ClInclude>
    <ClInclude Include="stb_image\stb_image.cpp">
      <Filter>Header Files</Filter>
    </ClInclude>
    <ClInclude Include="stb_image\stb_image.h">
      <Filter>Header Files</Filter>
    </ClInclude>
    <ClInclude Include="Terrain\terrainbasechunk.h">
      <Filter>Header Files</Filter>
    </ClInclude>
    <ClInclude Include="Terrain\terrainwater.h">
      <Filter>Header Files</Filter>
    </ClInclude>
    <ClInclude Include="Lua_files\test0.lua">
      <Filter>Header Files</Filter>
    </ClInclude>
    <ClInclude Include="Lua_files\test1.lua">
      <Filter>Header Files</Filter>
    </ClInclude>
    <ClInclude Include="Lua_files\test1.out">
      <Filter>Header Files</Filter>
    </ClInclude>
    <ClInclude Include="Lua_files\test2.lua">
      <Filter>Header Files</Filter>
    </ClInclude>
    <ClInclude Include="Lua_files\test3.lua">
      <Filter>Header Files</Filter>
    </ClInclude>
    <ClInclude Include="Lua_files\test4.lua">
      <Filter>Header Files</Filter>
    </ClInclude>
    <ClInclude Include="Core\texture.h">
      <Filter>Header Files</Filter>
    </ClInclude>
    <ClInclude Include="Components\MeshComponent.h">
      <Filter>Generated Files</Filter>
    </ClInclude>
    <ClInclude Include="Components\ParticleComponent.h">
      <Filter>Generated Files</Filter>
    </ClInclude>
  </ItemGroup>
  <ItemGroup>
    <CustomBuild Include="debug\moc_predefs.h.cbt">
      <Filter>Generated Files</Filter>
    </CustomBuild>
    <CustomBuild Include="release\moc_predefs.h.cbt">
      <Filter>Generated Files</Filter>
    </CustomBuild>
  </ItemGroup>
  <ItemGroup>
    <QtUic Include="mainwindow.ui">
      <Filter>Form Files</Filter>
    </QtUic>
  </ItemGroup>
  <ItemGroup>
    <None Include="Assets\Texture\skybox\back.jpg">
      <Filter>Distribution Files</Filter>
    </None>
    <None Include="Assets\Texture\skybox\bottom.jpg">
      <Filter>Distribution Files</Filter>
    </None>
    <None Include="Assets\Texture\skybox\front.jpg">
      <Filter>Distribution Files</Filter>
    </None>
    <None Include="Assets\Texture\heightmap.bmp">
      <Filter>Distribution Files</Filter>
    </None>
    <None Include="Assets\Texture\hund.bmp">
      <Filter>Distribution Files</Filter>
    </None>
    <None Include="Assets\Texture\skybox\left.jpg">
      <Filter>Distribution Files</Filter>
    </None>
    <None Include="Assets\Texture\linus.bmp">
      <Filter>Distribution Files</Filter>
    </None>
    <None Include="Shaders\particleshader.frag">
      <Filter>Distribution Files</Filter>
    </None>
    <None Include="Shaders\particleshader.vert">
      <Filter>Distribution Files</Filter>
    </None>
    <None Include="Shaders\phongshader.frag">
      <Filter>Distribution Files</Filter>
    </None>
    <None Include="Shaders\phongshader.vert">
      <Filter>Distribution Files</Filter>
    </None>
    <None Include="Shaders\plainshader.frag">
      <Filter>Distribution Files</Filter>
    </None>
    <None Include="Shaders\plainshader.vert">
      <Filter>Distribution Files</Filter>
    </None>
    <None Include="Shaders\plainshaderChad.frag">
      <Filter>Distribution Files</Filter>
    </None>
    <None Include="Shaders\plainshaderChad.vert">
      <Filter>Distribution Files</Filter>
    </None>
    <None Include="Assets\Texture\skybox\right.jpg">
      <Filter>Distribution Files</Filter>
    </None>
    <None Include="Shaders\skyboxshader.frag">
      <Filter>Distribution Files</Filter>
    </None>
    <None Include="Shaders\skyboxshader.vert">
      <Filter>Distribution Files</Filter>
    </None>
    <None Include="Shaders\textureshader.frag">
      <Filter>Distribution Files</Filter>
    </None>
    <None Include="Shaders\textureshader.vert">
      <Filter>Distribution Files</Filter>
    </None>
    <None Include="Assets\Texture\skybox\top.jpg">
      <Filter>Distribution Files</Filter>
    </None>
  </ItemGroup>
</Project>